# This file is automatically @generated by Cargo.
# It is not intended for manual editing.
version = 4

[[package]]
name = "concerto-api"
version = "0.1.0"

[[package]]
name = "concerto-backend"
version = "0.1.0"

[[package]]
name = "concerto-cli"
version = "0.1.0"

[[package]]
name = "concerto-config"
version = "0.1.0"

[[package]]
name = "concerto-core"
version = "0.1.0"

[[package]]
name = "concerto-gpu"
version = "0.1.0"
